// !$*UTF8*$!
{
	archiveVersion = 1;
	classes = {
	};
	objectVersion = 56;
	objects = {

/* Begin PBXBuildFile section */
		070308AB2BE2D4370040A902 /* Trader.swift in Sources */ = {isa = PBXBuildFile; fileRef = 070308AA2BE2D4370040A902 /* Trader.swift */; };
		070FD1462BED92B10072F986 /* SupplyAndDemand.swift in Sources */ = {isa = PBXBuildFile; fileRef = 070FD1432BED92B00072F986 /* SupplyAndDemand.swift */; };
		070FD1472BED92B10072F986 /* StockExchange.swift in Sources */ = {isa = PBXBuildFile; fileRef = 070FD1442BED92B10072F986 /* StockExchange.swift */; };
		070FD1482BED92B10072F986 /* Stock.swift in Sources */ = {isa = PBXBuildFile; fileRef = 070FD1452BED92B10072F986 /* Stock.swift */; };
		070FD14A2BED92CE0072F986 /* SecureConst.swift in Sources */ = {isa = PBXBuildFile; fileRef = 070FD1492BED92CE0072F986 /* SecureConst.swift */; };
		070FD14D2BED92E90072F986 /* BaseRepoImp.swift in Sources */ = {isa = PBXBuildFile; fileRef = 070FD14B2BED92E90072F986 /* BaseRepoImp.swift */; };
		070FD14E2BED92E90072F986 /* ConverterUI.swift in Sources */ = {isa = PBXBuildFile; fileRef = 070FD14C2BED92E90072F986 /* ConverterUI.swift */; };
		070FD1502BED93230072F986 /* Elements.swift in Sources */ = {isa = PBXBuildFile; fileRef = 070FD14F2BED93230072F986 /* Elements.swift */; };
		072188A22BE4217B00FC33B9 /* StockExchangeSheets.swift in Sources */ = {isa = PBXBuildFile; fileRef = 072188A12BE4217B00FC33B9 /* StockExchangeSheets.swift */; };
		0762E4A32BE97125004E58EE /* SupplyAndDemandData.swift in Sources */ = {isa = PBXBuildFile; fileRef = 0762E4A22BE97125004E58EE /* SupplyAndDemandData.swift */; };
		0762E4A52BE97132004E58EE /* SupplyDemandRepo.swift in Sources */ = {isa = PBXBuildFile; fileRef = 0762E4A42BE97132004E58EE /* SupplyDemandRepo.swift */; };
		0762E4A72BE9713F004E58EE /* SupplyDemandRepoImp.swift in Sources */ = {isa = PBXBuildFile; fileRef = 0762E4A62BE9713F004E58EE /* SupplyDemandRepoImp.swift */; };
		07B16A752BF1520E00F124C7 /* StockCompareScreen.swift in Sources */ = {isa = PBXBuildFile; fileRef = 07B16A742BF1520E00F124C7 /* StockCompareScreen.swift */; };
		07B16A772BF158DF00F124C7 /* StockCompareObserve.swift in Sources */ = {isa = PBXBuildFile; fileRef = 07B16A762BF158DF00F124C7 /* StockCompareObserve.swift */; };
		07B286462BE57725009991B8 /* BottomSheet.swift in Sources */ = {isa = PBXBuildFile; fileRef = 07B286452BE57725009991B8 /* BottomSheet.swift */; };
		07B286482BE598A9009991B8 /* Items.swift in Sources */ = {isa = PBXBuildFile; fileRef = 07B286472BE598A9009991B8 /* Items.swift */; };
		07BD64F02BF4EBD7003F8213 /* Article.swift in Sources */ = {isa = PBXBuildFile; fileRef = 07BD64EF2BF4EBD7003F8213 /* Article.swift */; };
		07BD64F32BF51C63003F8213 /* ArticleObservable.swift in Sources */ = {isa = PBXBuildFile; fileRef = 07BD64F22BF51C63003F8213 /* ArticleObservable.swift */; };
		07BD64F52BF51C74003F8213 /* ArticleScreen.swift in Sources */ = {isa = PBXBuildFile; fileRef = 07BD64F42BF51C74003F8213 /* ArticleScreen.swift */; };
		07BD64F72BF52257003F8213 /* CreateArticleScreen.swift in Sources */ = {isa = PBXBuildFile; fileRef = 07BD64F62BF52257003F8213 /* CreateArticleScreen.swift */; };
		07BD64FA2BF5229F003F8213 /* CreateArticleObservable.swift in Sources */ = {isa = PBXBuildFile; fileRef = 07BD64F92BF5229F003F8213 /* CreateArticleObservable.swift */; };
		07BD64FD2BF52ABF003F8213 /* ArticleStockData.swift in Sources */ = {isa = PBXBuildFile; fileRef = 07BD64FC2BF52ABF003F8213 /* ArticleStockData.swift */; };
		07BD64FF2BF52AC8003F8213 /* ArticleStockRepo.swift in Sources */ = {isa = PBXBuildFile; fileRef = 07BD64FE2BF52AC8003F8213 /* ArticleStockRepo.swift */; };
		07BD65012BF52AD6003F8213 /* ArticleStockRepoImp.swift in Sources */ = {isa = PBXBuildFile; fileRef = 07BD65002BF52AD6003F8213 /* ArticleStockRepoImp.swift */; };
		07DD0E1F2BE3CF450006E25E /* RandomColor in Frameworks */ = {isa = PBXBuildFile; productRef = 07DD0E1E2BE3CF450006E25E /* RandomColor */; };
		07E1ACD22BE7DDF300D2CD67 /* ListingStockScreen.swift in Sources */ = {isa = PBXBuildFile; fileRef = 07E1ACD12BE7DDF300D2CD67 /* ListingStockScreen.swift */; };
		07E1ACD42BE7DE0900D2CD67 /* ListingStockObserve.swift in Sources */ = {isa = PBXBuildFile; fileRef = 07E1ACD32BE7DE0900D2CD67 /* ListingStockObserve.swift */; };
		07E9E5E32BE38EB7009EACAA /* StockScreen.swift in Sources */ = {isa = PBXBuildFile; fileRef = 07E9E5E22BE38EB7009EACAA /* StockScreen.swift */; };
		07E9E5E52BE38EF6009EACAA /* StockObserve.swift in Sources */ = {isa = PBXBuildFile; fileRef = 07E9E5E42BE38EF6009EACAA /* StockObserve.swift */; };
		07EC2A1E2BD87030002375F2 /* Finance_Trader_IOSApp.swift in Sources */ = {isa = PBXBuildFile; fileRef = 07EC2A1D2BD87030002375F2 /* Finance_Trader_IOSApp.swift */; };
		07EC2A222BD87033002375F2 /* Assets.xcassets in Resources */ = {isa = PBXBuildFile; fileRef = 07EC2A212BD87033002375F2 /* Assets.xcassets */; };
		07EC2A252BD87033002375F2 /* Preview Assets.xcassets in Resources */ = {isa = PBXBuildFile; fileRef = 07EC2A242BD87033002375F2 /* Preview Assets.xcassets */; };
		07EC2A2D2BD87054002375F2 /* README.md in Resources */ = {isa = PBXBuildFile; fileRef = 07EC2A2B2BD87054002375F2 /* README.md */; };
		07EC2A2E2BD87054002375F2 /* LICENSE in Resources */ = {isa = PBXBuildFile; fileRef = 07EC2A2C2BD87054002375F2 /* LICENSE */; };
		07EC2A302BD87073002375F2 /* .gitignore in Resources */ = {isa = PBXBuildFile; fileRef = 07EC2A2F2BD87073002375F2 /* .gitignore */; };
		07EC2A672BD870BF002375F2 /* AppModule.swift in Sources */ = {isa = PBXBuildFile; fileRef = 07EC2A312BD870BE002375F2 /* AppModule.swift */; };
		07EC2A682BD870BF002375F2 /* AppObserve.swift in Sources */ = {isa = PBXBuildFile; fileRef = 07EC2A322BD870BE002375F2 /* AppObserve.swift */; };
		07EC2A692BD870BF002375F2 /* Project.swift in Sources */ = {isa = PBXBuildFile; fileRef = 07EC2A332BD870BE002375F2 /* Project.swift */; };
		07EC2A6B2BD870BF002375F2 /* AppDelegate.swift in Sources */ = {isa = PBXBuildFile; fileRef = 07EC2A362BD870BE002375F2 /* AppDelegate.swift */; };
		07EC2A6C2BD870BF002375F2 /* PreferenceData.swift in Sources */ = {isa = PBXBuildFile; fileRef = 07EC2A372BD870BE002375F2 /* PreferenceData.swift */; };
		07EC2A6D2BD870BF002375F2 /* PrefRepo.swift in Sources */ = {isa = PBXBuildFile; fileRef = 07EC2A382BD870BE002375F2 /* PrefRepo.swift */; };
		07EC2A6E2BD870BF002375F2 /* PrefRepoImp.swift in Sources */ = {isa = PBXBuildFile; fileRef = 07EC2A392BD870BE002375F2 /* PrefRepoImp.swift */; };
		07EC2A6F2BD870BF002375F2 /* Preference.swift in Sources */ = {isa = PBXBuildFile; fileRef = 07EC2A3C2BD870BE002375F2 /* Preference.swift */; };
		07EC2A702BD870BF002375F2 /* ResultRealm.swift in Sources */ = {isa = PBXBuildFile; fileRef = 07EC2A3D2BD870BE002375F2 /* ResultRealm.swift */; };
		07EC2A732BD870BF002375F2 /* Converter.swift in Sources */ = {isa = PBXBuildFile; fileRef = 07EC2A412BD870BE002375F2 /* Converter.swift */; };
		07EC2A742BD870BF002375F2 /* Realm.swift in Sources */ = {isa = PBXBuildFile; fileRef = 07EC2A422BD870BE002375F2 /* Realm.swift */; };
		07EC2A752BD870BF002375F2 /* RealmSync.swift in Sources */ = {isa = PBXBuildFile; fileRef = 07EC2A432BD870BE002375F2 /* RealmSync.swift */; };
		07EC2A762BD870BF002375F2 /* Color.swift in Sources */ = {isa = PBXBuildFile; fileRef = 07EC2A462BD870BE002375F2 /* Color.swift */; };
		07EC2A772BD870BF002375F2 /* Const.swift in Sources */ = {isa = PBXBuildFile; fileRef = 07EC2A472BD870BE002375F2 /* Const.swift */; };
		07EC2A782BD870BF002375F2 /* Scope.swift in Sources */ = {isa = PBXBuildFile; fileRef = 07EC2A482BD870BE002375F2 /* Scope.swift */; };
		07EC2A792BD870BF002375F2 /* Theme.swift in Sources */ = {isa = PBXBuildFile; fileRef = 07EC2A492BD870BE002375F2 /* Theme.swift */; };
		07EC2A7A2BD870BF002375F2 /* Roots.swift in Sources */ = {isa = PBXBuildFile; fileRef = 07EC2A4B2BD870BE002375F2 /* Roots.swift */; };
		07EC2A7B2BD870BF002375F2 /* BarBuilder.swift in Sources */ = {isa = PBXBuildFile; fileRef = 07EC2A4D2BD870BE002375F2 /* BarBuilder.swift */; };
		07EC2A7C2BD870BF002375F2 /* BottomBar.swift in Sources */ = {isa = PBXBuildFile; fileRef = 07EC2A4E2BD870BE002375F2 /* BottomBar.swift */; };
		07EC2A7D2BD870BF002375F2 /* BottomBarItem.swift in Sources */ = {isa = PBXBuildFile; fileRef = 07EC2A4F2BD870BE002375F2 /* BottomBarItem.swift */; };
		07EC2A7E2BD870BF002375F2 /* BottomBarItemView.swift in Sources */ = {isa = PBXBuildFile; fileRef = 07EC2A502BD870BE002375F2 /* BottomBarItemView.swift */; };
		07EC2A7F2BD870BF002375F2 /* BackButton.swift in Sources */ = {isa = PBXBuildFile; fileRef = 07EC2A522BD870BE002375F2 /* BackButton.swift */; };
		07EC2A802BD870BF002375F2 /* Image.swift in Sources */ = {isa = PBXBuildFile; fileRef = 07EC2A532BD870BE002375F2 /* Image.swift */; };
		07EC2A812BD870BF002375F2 /* NavigationDrawer.swift in Sources */ = {isa = PBXBuildFile; fileRef = 07EC2A542BD870BE002375F2 /* NavigationDrawer.swift */; };
		07EC2A822BD870BF002375F2 /* OutlinedTextField.swift in Sources */ = {isa = PBXBuildFile; fileRef = 07EC2A552BD870BE002375F2 /* OutlinedTextField.swift */; };
		07EC2A832BD870BF002375F2 /* StatusBar.swift in Sources */ = {isa = PBXBuildFile; fileRef = 07EC2A562BD870BE002375F2 /* StatusBar.swift */; };
		07EC2A842BD870BF002375F2 /* ToastView.swift in Sources */ = {isa = PBXBuildFile; fileRef = 07EC2A572BD870BE002375F2 /* ToastView.swift */; };
		07EC2A852BD870BF002375F2 /* Views.swift in Sources */ = {isa = PBXBuildFile; fileRef = 07EC2A582BD870BE002375F2 /* Views.swift */; };
		07EC2A862BD870BF002375F2 /* Media.swift in Sources */ = {isa = PBXBuildFile; fileRef = 07EC2A5A2BD870BE002375F2 /* Media.swift */; };
		07EC2A872BD870BF002375F2 /* Utils.swift in Sources */ = {isa = PBXBuildFile; fileRef = 07EC2A5B2BD870BE002375F2 /* Utils.swift */; };
		07EC2A882BD870BF002375F2 /* Web.swift in Sources */ = {isa = PBXBuildFile; fileRef = 07EC2A5C2BD870BE002375F2 /* Web.swift */; };
		07EC2A892BD870BF002375F2 /* Main.swift in Sources */ = {isa = PBXBuildFile; fileRef = 07EC2A5F2BD870BF002375F2 /* Main.swift */; };
		07EC2A8B2BD870BF002375F2 /* HomeTrader.swift in Sources */ = {isa = PBXBuildFile; fileRef = 07EC2A622BD870BF002375F2 /* HomeTrader.swift */; };
		07EC2A8C2BD870BF002375F2 /* HomeTraderObserve.swift in Sources */ = {isa = PBXBuildFile; fileRef = 07EC2A632BD870BF002375F2 /* HomeTraderObserve.swift */; };
		07EC2A902BD870F9002375F2 /* Swinject in Frameworks */ = {isa = PBXBuildFile; productRef = 07EC2A8F2BD870F9002375F2 /* Swinject */; };
		07EC2A972BD8711E002375F2 /* RealmSwift in Frameworks */ = {isa = PBXBuildFile; productRef = 07EC2A962BD8711E002375F2 /* RealmSwift */; };
		07F3EBE52BE80939005017F2 /* TraderUserData.swift in Sources */ = {isa = PBXBuildFile; fileRef = 07F3EBE42BE80939005017F2 /* TraderUserData.swift */; };
		07F3EBE72BE80949005017F2 /* TraderRepo.swift in Sources */ = {isa = PBXBuildFile; fileRef = 07F3EBE62BE80949005017F2 /* TraderRepo.swift */; };
		07F3EBE92BE80958005017F2 /* TraderRepoImp.swift in Sources */ = {isa = PBXBuildFile; fileRef = 07F3EBE82BE80958005017F2 /* TraderRepoImp.swift */; };
		07F3EBEC2BE815FC005017F2 /* SignScreen.swift in Sources */ = {isa = PBXBuildFile; fileRef = 07F3EBEB2BE815FC005017F2 /* SignScreen.swift */; };
		07F3EBEE2BE8160F005017F2 /* SignObserve.swift in Sources */ = {isa = PBXBuildFile; fileRef = 07F3EBED2BE8160F005017F2 /* SignObserve.swift */; };
		07F3EBF12BE8381C005017F2 /* StockSessionData.swift in Sources */ = {isa = PBXBuildFile; fileRef = 07F3EBF02BE8381C005017F2 /* StockSessionData.swift */; };
		07F3EBF32BE83834005017F2 /* StockSessionRepo.swift in Sources */ = {isa = PBXBuildFile; fileRef = 07F3EBF22BE83834005017F2 /* StockSessionRepo.swift */; };
		07F3EBF52BE8383E005017F2 /* StockSessionRepoImp.swift in Sources */ = {isa = PBXBuildFile; fileRef = 07F3EBF42BE8383E005017F2 /* StockSessionRepoImp.swift */; };
		07F3EBF82BE84907005017F2 /* StockInformationData.swift in Sources */ = {isa = PBXBuildFile; fileRef = 07F3EBF72BE84907005017F2 /* StockInformationData.swift */; };
		07F3EBFA2BE84913005017F2 /* StockInfoRep.swift in Sources */ = {isa = PBXBuildFile; fileRef = 07F3EBF92BE84913005017F2 /* StockInfoRep.swift */; };
		07F3EBFC2BE8491C005017F2 /* StockInfoRepImp.swift in Sources */ = {isa = PBXBuildFile; fileRef = 07F3EBFB2BE8491C005017F2 /* StockInfoRepImp.swift */; };
/* End PBXBuildFile section */

/* Begin PBXFileReference section */
		070308AA2BE2D4370040A902 /* Trader.swift */ = {isa = PBXFileReference; lastKnownFileType = sourcecode.swift; path = Trader.swift; sourceTree = "<group>"; };
		070FD1432BED92B00072F986 /* SupplyAndDemand.swift */ = {isa = PBXFileReference; fileEncoding = 4; lastKnownFileType = sourcecode.swift; path = SupplyAndDemand.swift; sourceTree = "<group>"; };
		070FD1442BED92B10072F986 /* StockExchange.swift */ = {isa = PBXFileReference; fileEncoding = 4; lastKnownFileType = sourcecode.swift; path = StockExchange.swift; sourceTree = "<group>"; };
		070FD1452BED92B10072F986 /* Stock.swift */ = {isa = PBXFileReference; fileEncoding = 4; lastKnownFileType = sourcecode.swift; path = Stock.swift; sourceTree = "<group>"; };
		070FD1492BED92CE0072F986 /* SecureConst.swift */ = {isa = PBXFileReference; fileEncoding = 4; lastKnownFileType = sourcecode.swift; path = SecureConst.swift; sourceTree = "<group>"; };
		070FD14B2BED92E90072F986 /* BaseRepoImp.swift */ = {isa = PBXFileReference; fileEncoding = 4; lastKnownFileType = sourcecode.swift; path = BaseRepoImp.swift; sourceTree = "<group>"; };
		070FD14C2BED92E90072F986 /* ConverterUI.swift */ = {isa = PBXFileReference; fileEncoding = 4; lastKnownFileType = sourcecode.swift; path = ConverterUI.swift; sourceTree = "<group>"; };
		070FD14F2BED93230072F986 /* Elements.swift */ = {isa = PBXFileReference; fileEncoding = 4; lastKnownFileType = sourcecode.swift; path = Elements.swift; sourceTree = "<group>"; };
		072188A12BE4217B00FC33B9 /* StockExchangeSheets.swift */ = {isa = PBXFileReference; lastKnownFileType = sourcecode.swift; path = StockExchangeSheets.swift; sourceTree = "<group>"; };
		0762E4A22BE97125004E58EE /* SupplyAndDemandData.swift */ = {isa = PBXFileReference; lastKnownFileType = sourcecode.swift; path = SupplyAndDemandData.swift; sourceTree = "<group>"; };
		0762E4A42BE97132004E58EE /* SupplyDemandRepo.swift */ = {isa = PBXFileReference; lastKnownFileType = sourcecode.swift; path = SupplyDemandRepo.swift; sourceTree = "<group>"; };
		0762E4A62BE9713F004E58EE /* SupplyDemandRepoImp.swift */ = {isa = PBXFileReference; lastKnownFileType = sourcecode.swift; path = SupplyDemandRepoImp.swift; sourceTree = "<group>"; };
		07B16A742BF1520E00F124C7 /* StockCompareScreen.swift */ = {isa = PBXFileReference; lastKnownFileType = sourcecode.swift; path = StockCompareScreen.swift; sourceTree = "<group>"; };
		07B16A762BF158DF00F124C7 /* StockCompareObserve.swift */ = {isa = PBXFileReference; lastKnownFileType = sourcecode.swift; path = StockCompareObserve.swift; sourceTree = "<group>"; };
		07B286452BE57725009991B8 /* BottomSheet.swift */ = {isa = PBXFileReference; lastKnownFileType = sourcecode.swift; path = BottomSheet.swift; sourceTree = "<group>"; };
		07B286472BE598A9009991B8 /* Items.swift */ = {isa = PBXFileReference; lastKnownFileType = sourcecode.swift; path = Items.swift; sourceTree = "<group>"; };
		07BD64EF2BF4EBD7003F8213 /* Article.swift */ = {isa = PBXFileReference; lastKnownFileType = sourcecode.swift; path = Article.swift; sourceTree = "<group>"; };
		07BD64F22BF51C63003F8213 /* ArticleObservable.swift */ = {isa = PBXFileReference; lastKnownFileType = sourcecode.swift; path = ArticleObservable.swift; sourceTree = "<group>"; };
		07BD64F42BF51C74003F8213 /* ArticleScreen.swift */ = {isa = PBXFileReference; lastKnownFileType = sourcecode.swift; path = ArticleScreen.swift; sourceTree = "<group>"; };
		07BD64F62BF52257003F8213 /* CreateArticleScreen.swift */ = {isa = PBXFileReference; lastKnownFileType = sourcecode.swift; path = CreateArticleScreen.swift; sourceTree = "<group>"; };
		07BD64F92BF5229F003F8213 /* CreateArticleObservable.swift */ = {isa = PBXFileReference; lastKnownFileType = sourcecode.swift; path = CreateArticleObservable.swift; sourceTree = "<group>"; };
		07BD64FC2BF52ABF003F8213 /* ArticleStockData.swift */ = {isa = PBXFileReference; lastKnownFileType = sourcecode.swift; path = ArticleStockData.swift; sourceTree = "<group>"; };
		07BD64FE2BF52AC8003F8213 /* ArticleStockRepo.swift */ = {isa = PBXFileReference; lastKnownFileType = sourcecode.swift; path = ArticleStockRepo.swift; sourceTree = "<group>"; };
		07BD65002BF52AD6003F8213 /* ArticleStockRepoImp.swift */ = {isa = PBXFileReference; lastKnownFileType = sourcecode.swift; path = ArticleStockRepoImp.swift; sourceTree = "<group>"; };
		07E1ACD12BE7DDF300D2CD67 /* ListingStockScreen.swift */ = {isa = PBXFileReference; lastKnownFileType = sourcecode.swift; path = ListingStockScreen.swift; sourceTree = "<group>"; };
		07E1ACD32BE7DE0900D2CD67 /* ListingStockObserve.swift */ = {isa = PBXFileReference; lastKnownFileType = sourcecode.swift; path = ListingStockObserve.swift; sourceTree = "<group>"; };
		07E9E5E22BE38EB7009EACAA /* StockScreen.swift */ = {isa = PBXFileReference; lastKnownFileType = sourcecode.swift; path = StockScreen.swift; sourceTree = "<group>"; };
		07E9E5E42BE38EF6009EACAA /* StockObserve.swift */ = {isa = PBXFileReference; lastKnownFileType = sourcecode.swift; path = StockObserve.swift; sourceTree = "<group>"; };
		07EC2A1A2BD87030002375F2 /* Finance-Trader-IOS.app */ = {isa = PBXFileReference; explicitFileType = wrapper.application; includeInIndex = 0; path = "Finance-Trader-IOS.app"; sourceTree = BUILT_PRODUCTS_DIR; };
		07EC2A1D2BD87030002375F2 /* Finance_Trader_IOSApp.swift */ = {isa = PBXFileReference; lastKnownFileType = sourcecode.swift; path = Finance_Trader_IOSApp.swift; sourceTree = "<group>"; };
		07EC2A212BD87033002375F2 /* Assets.xcassets */ = {isa = PBXFileReference; lastKnownFileType = folder.assetcatalog; path = Assets.xcassets; sourceTree = "<group>"; };
		07EC2A242BD87033002375F2 /* Preview Assets.xcassets */ = {isa = PBXFileReference; lastKnownFileType = folder.assetcatalog; path = "Preview Assets.xcassets"; sourceTree = "<group>"; };
		07EC2A2B2BD87054002375F2 /* README.md */ = {isa = PBXFileReference; fileEncoding = 4; lastKnownFileType = net.daringfireball.markdown; path = README.md; sourceTree = "<group>"; };
		07EC2A2C2BD87054002375F2 /* LICENSE */ = {isa = PBXFileReference; fileEncoding = 4; lastKnownFileType = text; path = LICENSE; sourceTree = "<group>"; };
		07EC2A2F2BD87073002375F2 /* .gitignore */ = {isa = PBXFileReference; lastKnownFileType = text; path = .gitignore; sourceTree = "<group>"; };
		07EC2A312BD870BE002375F2 /* AppModule.swift */ = {isa = PBXFileReference; fileEncoding = 4; lastKnownFileType = sourcecode.swift; path = AppModule.swift; sourceTree = "<group>"; };
		07EC2A322BD870BE002375F2 /* AppObserve.swift */ = {isa = PBXFileReference; fileEncoding = 4; lastKnownFileType = sourcecode.swift; path = AppObserve.swift; sourceTree = "<group>"; };
		07EC2A332BD870BE002375F2 /* Project.swift */ = {isa = PBXFileReference; fileEncoding = 4; lastKnownFileType = sourcecode.swift; path = Project.swift; sourceTree = "<group>"; };
		07EC2A362BD870BE002375F2 /* AppDelegate.swift */ = {isa = PBXFileReference; fileEncoding = 4; lastKnownFileType = sourcecode.swift; path = AppDelegate.swift; sourceTree = "<group>"; };
		07EC2A372BD870BE002375F2 /* PreferenceData.swift */ = {isa = PBXFileReference; fileEncoding = 4; lastKnownFileType = sourcecode.swift; path = PreferenceData.swift; sourceTree = "<group>"; };
		07EC2A382BD870BE002375F2 /* PrefRepo.swift */ = {isa = PBXFileReference; fileEncoding = 4; lastKnownFileType = sourcecode.swift; path = PrefRepo.swift; sourceTree = "<group>"; };
		07EC2A392BD870BE002375F2 /* PrefRepoImp.swift */ = {isa = PBXFileReference; fileEncoding = 4; lastKnownFileType = sourcecode.swift; path = PrefRepoImp.swift; sourceTree = "<group>"; };
		07EC2A3C2BD870BE002375F2 /* Preference.swift */ = {isa = PBXFileReference; fileEncoding = 4; lastKnownFileType = sourcecode.swift; path = Preference.swift; sourceTree = "<group>"; };
		07EC2A3D2BD870BE002375F2 /* ResultRealm.swift */ = {isa = PBXFileReference; fileEncoding = 4; lastKnownFileType = sourcecode.swift; path = ResultRealm.swift; sourceTree = "<group>"; };
		07EC2A412BD870BE002375F2 /* Converter.swift */ = {isa = PBXFileReference; fileEncoding = 4; lastKnownFileType = sourcecode.swift; path = Converter.swift; sourceTree = "<group>"; };
		07EC2A422BD870BE002375F2 /* Realm.swift */ = {isa = PBXFileReference; fileEncoding = 4; lastKnownFileType = sourcecode.swift; path = Realm.swift; sourceTree = "<group>"; };
		07EC2A432BD870BE002375F2 /* RealmSync.swift */ = {isa = PBXFileReference; fileEncoding = 4; lastKnownFileType = sourcecode.swift; path = RealmSync.swift; sourceTree = "<group>"; };
		07EC2A462BD870BE002375F2 /* Color.swift */ = {isa = PBXFileReference; fileEncoding = 4; lastKnownFileType = sourcecode.swift; path = Color.swift; sourceTree = "<group>"; };
		07EC2A472BD870BE002375F2 /* Const.swift */ = {isa = PBXFileReference; fileEncoding = 4; lastKnownFileType = sourcecode.swift; path = Const.swift; sourceTree = "<group>"; };
		07EC2A482BD870BE002375F2 /* Scope.swift */ = {isa = PBXFileReference; fileEncoding = 4; lastKnownFileType = sourcecode.swift; path = Scope.swift; sourceTree = "<group>"; };
		07EC2A492BD870BE002375F2 /* Theme.swift */ = {isa = PBXFileReference; fileEncoding = 4; lastKnownFileType = sourcecode.swift; path = Theme.swift; sourceTree = "<group>"; };
		07EC2A4B2BD870BE002375F2 /* Roots.swift */ = {isa = PBXFileReference; fileEncoding = 4; lastKnownFileType = sourcecode.swift; path = Roots.swift; sourceTree = "<group>"; };
		07EC2A4D2BD870BE002375F2 /* BarBuilder.swift */ = {isa = PBXFileReference; fileEncoding = 4; lastKnownFileType = sourcecode.swift; path = BarBuilder.swift; sourceTree = "<group>"; };
		07EC2A4E2BD870BE002375F2 /* BottomBar.swift */ = {isa = PBXFileReference; fileEncoding = 4; lastKnownFileType = sourcecode.swift; path = BottomBar.swift; sourceTree = "<group>"; };
		07EC2A4F2BD870BE002375F2 /* BottomBarItem.swift */ = {isa = PBXFileReference; fileEncoding = 4; lastKnownFileType = sourcecode.swift; path = BottomBarItem.swift; sourceTree = "<group>"; };
		07EC2A502BD870BE002375F2 /* BottomBarItemView.swift */ = {isa = PBXFileReference; fileEncoding = 4; lastKnownFileType = sourcecode.swift; path = BottomBarItemView.swift; sourceTree = "<group>"; };
		07EC2A522BD870BE002375F2 /* BackButton.swift */ = {isa = PBXFileReference; fileEncoding = 4; lastKnownFileType = sourcecode.swift; path = BackButton.swift; sourceTree = "<group>"; };
		07EC2A532BD870BE002375F2 /* Image.swift */ = {isa = PBXFileReference; fileEncoding = 4; lastKnownFileType = sourcecode.swift; path = Image.swift; sourceTree = "<group>"; };
		07EC2A542BD870BE002375F2 /* NavigationDrawer.swift */ = {isa = PBXFileReference; fileEncoding = 4; lastKnownFileType = sourcecode.swift; path = NavigationDrawer.swift; sourceTree = "<group>"; };
		07EC2A552BD870BE002375F2 /* OutlinedTextField.swift */ = {isa = PBXFileReference; fileEncoding = 4; lastKnownFileType = sourcecode.swift; path = OutlinedTextField.swift; sourceTree = "<group>"; };
		07EC2A562BD870BE002375F2 /* StatusBar.swift */ = {isa = PBXFileReference; fileEncoding = 4; lastKnownFileType = sourcecode.swift; path = StatusBar.swift; sourceTree = "<group>"; };
		07EC2A572BD870BE002375F2 /* ToastView.swift */ = {isa = PBXFileReference; fileEncoding = 4; lastKnownFileType = sourcecode.swift; path = ToastView.swift; sourceTree = "<group>"; };
		07EC2A582BD870BE002375F2 /* Views.swift */ = {isa = PBXFileReference; fileEncoding = 4; lastKnownFileType = sourcecode.swift; path = Views.swift; sourceTree = "<group>"; };
		07EC2A5A2BD870BE002375F2 /* Media.swift */ = {isa = PBXFileReference; fileEncoding = 4; lastKnownFileType = sourcecode.swift; path = Media.swift; sourceTree = "<group>"; };
		07EC2A5B2BD870BE002375F2 /* Utils.swift */ = {isa = PBXFileReference; fileEncoding = 4; lastKnownFileType = sourcecode.swift; path = Utils.swift; sourceTree = "<group>"; };
		07EC2A5C2BD870BE002375F2 /* Web.swift */ = {isa = PBXFileReference; fileEncoding = 4; lastKnownFileType = sourcecode.swift; path = Web.swift; sourceTree = "<group>"; };
		07EC2A5F2BD870BF002375F2 /* Main.swift */ = {isa = PBXFileReference; fileEncoding = 4; lastKnownFileType = sourcecode.swift; path = Main.swift; sourceTree = "<group>"; };
		07EC2A622BD870BF002375F2 /* HomeTrader.swift */ = {isa = PBXFileReference; fileEncoding = 4; lastKnownFileType = sourcecode.swift; path = HomeTrader.swift; sourceTree = "<group>"; };
		07EC2A632BD870BF002375F2 /* HomeTraderObserve.swift */ = {isa = PBXFileReference; fileEncoding = 4; lastKnownFileType = sourcecode.swift; path = HomeTraderObserve.swift; sourceTree = "<group>"; };
		07F3EBE42BE80939005017F2 /* TraderUserData.swift */ = {isa = PBXFileReference; lastKnownFileType = sourcecode.swift; path = TraderUserData.swift; sourceTree = "<group>"; };
		07F3EBE62BE80949005017F2 /* TraderRepo.swift */ = {isa = PBXFileReference; lastKnownFileType = sourcecode.swift; path = TraderRepo.swift; sourceTree = "<group>"; };
		07F3EBE82BE80958005017F2 /* TraderRepoImp.swift */ = {isa = PBXFileReference; lastKnownFileType = sourcecode.swift; path = TraderRepoImp.swift; sourceTree = "<group>"; };
		07F3EBEB2BE815FC005017F2 /* SignScreen.swift */ = {isa = PBXFileReference; lastKnownFileType = sourcecode.swift; path = SignScreen.swift; sourceTree = "<group>"; };
		07F3EBED2BE8160F005017F2 /* SignObserve.swift */ = {isa = PBXFileReference; lastKnownFileType = sourcecode.swift; path = SignObserve.swift; sourceTree = "<group>"; };
		07F3EBF02BE8381C005017F2 /* StockSessionData.swift */ = {isa = PBXFileReference; lastKnownFileType = sourcecode.swift; path = StockSessionData.swift; sourceTree = "<group>"; };
		07F3EBF22BE83834005017F2 /* StockSessionRepo.swift */ = {isa = PBXFileReference; lastKnownFileType = sourcecode.swift; path = StockSessionRepo.swift; sourceTree = "<group>"; };
		07F3EBF42BE8383E005017F2 /* StockSessionRepoImp.swift */ = {isa = PBXFileReference; lastKnownFileType = sourcecode.swift; path = StockSessionRepoImp.swift; sourceTree = "<group>"; };
		07F3EBF72BE84907005017F2 /* StockInformationData.swift */ = {isa = PBXFileReference; lastKnownFileType = sourcecode.swift; path = StockInformationData.swift; sourceTree = "<group>"; };
		07F3EBF92BE84913005017F2 /* StockInfoRep.swift */ = {isa = PBXFileReference; lastKnownFileType = sourcecode.swift; path = StockInfoRep.swift; sourceTree = "<group>"; };
		07F3EBFB2BE8491C005017F2 /* StockInfoRepImp.swift */ = {isa = PBXFileReference; lastKnownFileType = sourcecode.swift; path = StockInfoRepImp.swift; sourceTree = "<group>"; };
/* End PBXFileReference section */

/* Begin PBXFrameworksBuildPhase section */
		07EC2A172BD87030002375F2 /* Frameworks */ = {
			isa = PBXFrameworksBuildPhase;
			buildActionMask = 2147483647;
			files = (
				07EC2A972BD8711E002375F2 /* RealmSwift in Frameworks */,
				07DD0E1F2BE3CF450006E25E /* RandomColor in Frameworks */,
				07EC2A902BD870F9002375F2 /* Swinject in Frameworks */,
			);
			runOnlyForDeploymentPostprocessing = 0;
		};
/* End PBXFrameworksBuildPhase section */

/* Begin PBXGroup section */
		072188A02BE4213500FC33B9 /* stockExchange */ = {
			isa = PBXGroup;
			children = (
				072188A12BE4217B00FC33B9 /* StockExchangeSheets.swift */,
				07E1ACD12BE7DDF300D2CD67 /* ListingStockScreen.swift */,
				07E1ACD32BE7DE0900D2CD67 /* ListingStockObserve.swift */,
			);
			path = stockExchange;
			sourceTree = "<group>";
		};
		0762E4A12BE97105004E58EE /* supplyDemand */ = {
			isa = PBXGroup;
			children = (
				0762E4A22BE97125004E58EE /* SupplyAndDemandData.swift */,
				0762E4A42BE97132004E58EE /* SupplyDemandRepo.swift */,
				0762E4A62BE9713F004E58EE /* SupplyDemandRepoImp.swift */,
			);
			path = supplyDemand;
			sourceTree = "<group>";
		};
		07BD64F12BF51AEB003F8213 /* article */ = {
			isa = PBXGroup;
			children = (
				07BD64F22BF51C63003F8213 /* ArticleObservable.swift */,
				07BD64F42BF51C74003F8213 /* ArticleScreen.swift */,
				07BD64F62BF52257003F8213 /* CreateArticleScreen.swift */,
				07BD64F92BF5229F003F8213 /* CreateArticleObservable.swift */,
			);
			path = article;
			sourceTree = "<group>";
		};
		07BD64FB2BF52AA5003F8213 /* article */ = {
			isa = PBXGroup;
			children = (
				07BD64FC2BF52ABF003F8213 /* ArticleStockData.swift */,
				07BD64FE2BF52AC8003F8213 /* ArticleStockRepo.swift */,
				07BD65002BF52AD6003F8213 /* ArticleStockRepoImp.swift */,
			);
			path = article;
			sourceTree = "<group>";
		};
		07E9E5E12BE38E64009EACAA /* stock */ = {
			isa = PBXGroup;
			children = (
				07E9E5E22BE38EB7009EACAA /* StockScreen.swift */,
				07E9E5E42BE38EF6009EACAA /* StockObserve.swift */,
				07B16A742BF1520E00F124C7 /* StockCompareScreen.swift */,
				07B16A762BF158DF00F124C7 /* StockCompareObserve.swift */,
			);
			path = stock;
			sourceTree = "<group>";
		};
		07EC2A112BD87030002375F2 = {
			isa = PBXGroup;
			children = (
				07EC2A2F2BD87073002375F2 /* .gitignore */,
				07EC2A2C2BD87054002375F2 /* LICENSE */,
				07EC2A2B2BD87054002375F2 /* README.md */,
				07EC2A1C2BD87030002375F2 /* Finance-Trader-IOS */,
				07EC2A1B2BD87030002375F2 /* Products */,
			);
			sourceTree = "<group>";
		};
		07EC2A1B2BD87030002375F2 /* Products */ = {
			isa = PBXGroup;
			children = (
				07EC2A1A2BD87030002375F2 /* Finance-Trader-IOS.app */,
			);
			name = Products;
			sourceTree = "<group>";
		};
		07EC2A1C2BD87030002375F2 /* Finance-Trader-IOS */ = {
			isa = PBXGroup;
			children = (
				07EC2A452BD870BE002375F2 /* data */,
				07EC2A342BD870BE002375F2 /* di */,
				07EC2A5E2BD870BE002375F2 /* global */,
				07EC2A652BD870BF002375F2 /* ui */,
				07EC2A362BD870BE002375F2 /* AppDelegate.swift */,
				07EC2A5F2BD870BF002375F2 /* Main.swift */,
				07EC2A1D2BD87030002375F2 /* Finance_Trader_IOSApp.swift */,
				07EC2A212BD87033002375F2 /* Assets.xcassets */,
				07EC2A232BD87033002375F2 /* Preview Content */,
			);
			path = "Finance-Trader-IOS";
			sourceTree = "<group>";
		};
		07EC2A232BD87033002375F2 /* Preview Content */ = {
			isa = PBXGroup;
			children = (
				07EC2A242BD87033002375F2 /* Preview Assets.xcassets */,
			);
			path = "Preview Content";
			sourceTree = "<group>";
		};
		07EC2A342BD870BE002375F2 /* di */ = {
			isa = PBXGroup;
			children = (
				07EC2A312BD870BE002375F2 /* AppModule.swift */,
				07EC2A322BD870BE002375F2 /* AppObserve.swift */,
				07EC2A332BD870BE002375F2 /* Project.swift */,
			);
			path = di;
			sourceTree = "<group>";
		};
		07EC2A3A2BD870BE002375F2 /* pref */ = {
			isa = PBXGroup;
			children = (
				07EC2A372BD870BE002375F2 /* PreferenceData.swift */,
				07EC2A382BD870BE002375F2 /* PrefRepo.swift */,
				07EC2A392BD870BE002375F2 /* PrefRepoImp.swift */,
			);
			path = pref;
			sourceTree = "<group>";
		};
		07EC2A3B2BD870BE002375F2 /* dataSources */ = {
			isa = PBXGroup;
			children = (
				07BD64FB2BF52AA5003F8213 /* article */,
				0762E4A12BE97105004E58EE /* supplyDemand */,
				07F3EBF62BE848C5005017F2 /* stockInfo */,
				07F3EBEF2BE83804005017F2 /* stockSession */,
				07F3EBE32BE80924005017F2 /* trader */,
				07EC2A3A2BD870BE002375F2 /* pref */,
			);
			path = dataSources;
			sourceTree = "<group>";
		};
		07EC2A3F2BD870BE002375F2 /* model */ = {
			isa = PBXGroup;
			children = (
				07EC2A3D2BD870BE002375F2 /* ResultRealm.swift */,
				07EC2A3C2BD870BE002375F2 /* Preference.swift */,
				070FD1452BED92B10072F986 /* Stock.swift */,
				070FD1442BED92B10072F986 /* StockExchange.swift */,
				070FD1432BED92B00072F986 /* SupplyAndDemand.swift */,
				070308AA2BE2D4370040A902 /* Trader.swift */,
				07BD64EF2BF4EBD7003F8213 /* Article.swift */,
			);
			path = model;
			sourceTree = "<group>";
		};
		07EC2A442BD870BE002375F2 /* util */ = {
			isa = PBXGroup;
			children = (
				070FD14B2BED92E90072F986 /* BaseRepoImp.swift */,
				07EC2A412BD870BE002375F2 /* Converter.swift */,
				070FD14C2BED92E90072F986 /* ConverterUI.swift */,
				07EC2A422BD870BE002375F2 /* Realm.swift */,
				07EC2A432BD870BE002375F2 /* RealmSync.swift */,
			);
			path = util;
			sourceTree = "<group>";
		};
		07EC2A452BD870BE002375F2 /* data */ = {
			isa = PBXGroup;
			children = (
				07EC2A3B2BD870BE002375F2 /* dataSources */,
				07EC2A3F2BD870BE002375F2 /* model */,
				07EC2A442BD870BE002375F2 /* util */,
			);
			path = data;
			sourceTree = "<group>";
		};
		07EC2A4A2BD870BE002375F2 /* base */ = {
			isa = PBXGroup;
			children = (
				07EC2A462BD870BE002375F2 /* Color.swift */,
				07EC2A472BD870BE002375F2 /* Const.swift */,
				07EC2A482BD870BE002375F2 /* Scope.swift */,
				070FD1492BED92CE0072F986 /* SecureConst.swift */,
				07EC2A492BD870BE002375F2 /* Theme.swift */,
			);
			path = base;
			sourceTree = "<group>";
		};
		07EC2A4C2BD870BE002375F2 /* navigation */ = {
			isa = PBXGroup;
			children = (
				07EC2A4B2BD870BE002375F2 /* Roots.swift */,
			);
			path = navigation;
			sourceTree = "<group>";
		};
		07EC2A512BD870BE002375F2 /* bottomBar */ = {
			isa = PBXGroup;
			children = (
				07EC2A4D2BD870BE002375F2 /* BarBuilder.swift */,
				07EC2A4E2BD870BE002375F2 /* BottomBar.swift */,
				07EC2A4F2BD870BE002375F2 /* BottomBarItem.swift */,
				07EC2A502BD870BE002375F2 /* BottomBarItemView.swift */,
			);
			path = bottomBar;
			sourceTree = "<group>";
		};
		07EC2A592BD870BE002375F2 /* ui */ = {
			isa = PBXGroup;
			children = (
				07EC2A512BD870BE002375F2 /* bottomBar */,
				07EC2A522BD870BE002375F2 /* BackButton.swift */,
				07EC2A532BD870BE002375F2 /* Image.swift */,
				07EC2A542BD870BE002375F2 /* NavigationDrawer.swift */,
				07EC2A552BD870BE002375F2 /* OutlinedTextField.swift */,
				07EC2A562BD870BE002375F2 /* StatusBar.swift */,
				07EC2A572BD870BE002375F2 /* ToastView.swift */,
				07EC2A582BD870BE002375F2 /* Views.swift */,
				07B286452BE57725009991B8 /* BottomSheet.swift */,
			);
			path = ui;
			sourceTree = "<group>";
		};
		07EC2A5D2BD870BE002375F2 /* util */ = {
			isa = PBXGroup;
			children = (
				07EC2A5A2BD870BE002375F2 /* Media.swift */,
				07EC2A5B2BD870BE002375F2 /* Utils.swift */,
				07EC2A5C2BD870BE002375F2 /* Web.swift */,
			);
			path = util;
			sourceTree = "<group>";
		};
		07EC2A5E2BD870BE002375F2 /* global */ = {
			isa = PBXGroup;
			children = (
				07EC2A4A2BD870BE002375F2 /* base */,
				07EC2A4C2BD870BE002375F2 /* navigation */,
				07EC2A592BD870BE002375F2 /* ui */,
				07EC2A5D2BD870BE002375F2 /* util */,
			);
			path = global;
			sourceTree = "<group>";
		};
		07EC2A612BD870BF002375F2 /* common */ = {
			isa = PBXGroup;
			children = (
				070FD14F2BED93230072F986 /* Elements.swift */,
				07B286472BE598A9009991B8 /* Items.swift */,
			);
			path = common;
			sourceTree = "<group>";
		};
		07EC2A642BD870BF002375F2 /* homeTrader */ = {
			isa = PBXGroup;
			children = (
				07EC2A622BD870BF002375F2 /* HomeTrader.swift */,
				07EC2A632BD870BF002375F2 /* HomeTraderObserve.swift */,
			);
			path = homeTrader;
			sourceTree = "<group>";
		};
		07EC2A652BD870BF002375F2 /* ui */ = {
			isa = PBXGroup;
			children = (
				07BD64F12BF51AEB003F8213 /* article */,
				07F3EBEA2BE815E1005017F2 /* sign */,
				072188A02BE4213500FC33B9 /* stockExchange */,
				07E9E5E12BE38E64009EACAA /* stock */,
				07EC2A612BD870BF002375F2 /* common */,
				07EC2A642BD870BF002375F2 /* homeTrader */,
			);
			path = ui;
			sourceTree = "<group>";
		};
		07F3EBE32BE80924005017F2 /* trader */ = {
			isa = PBXGroup;
			children = (
				07F3EBE42BE80939005017F2 /* TraderUserData.swift */,
				07F3EBE62BE80949005017F2 /* TraderRepo.swift */,
				07F3EBE82BE80958005017F2 /* TraderRepoImp.swift */,
			);
			path = trader;
			sourceTree = "<group>";
		};
		07F3EBEA2BE815E1005017F2 /* sign */ = {
			isa = PBXGroup;
			children = (
				07F3EBEB2BE815FC005017F2 /* SignScreen.swift */,
				07F3EBED2BE8160F005017F2 /* SignObserve.swift */,
			);
			path = sign;
			sourceTree = "<group>";
		};
		07F3EBEF2BE83804005017F2 /* stockSession */ = {
			isa = PBXGroup;
			children = (
				07F3EBF02BE8381C005017F2 /* StockSessionData.swift */,
				07F3EBF22BE83834005017F2 /* StockSessionRepo.swift */,
				07F3EBF42BE8383E005017F2 /* StockSessionRepoImp.swift */,
			);
			path = stockSession;
			sourceTree = "<group>";
		};
		07F3EBF62BE848C5005017F2 /* stockInfo */ = {
			isa = PBXGroup;
			children = (
				07F3EBF72BE84907005017F2 /* StockInformationData.swift */,
				07F3EBF92BE84913005017F2 /* StockInfoRep.swift */,
				07F3EBFB2BE8491C005017F2 /* StockInfoRepImp.swift */,
			);
			path = stockInfo;
			sourceTree = "<group>";
		};
/* End PBXGroup section */

/* Begin PBXNativeTarget section */
		07EC2A192BD87030002375F2 /* Finance-Trader-IOS */ = {
			isa = PBXNativeTarget;
			buildConfigurationList = 07EC2A282BD87033002375F2 /* Build configuration list for PBXNativeTarget "Finance-Trader-IOS" */;
			buildPhases = (
				07EC2A162BD87030002375F2 /* Sources */,
				07EC2A172BD87030002375F2 /* Frameworks */,
				07EC2A182BD87030002375F2 /* Resources */,
			);
			buildRules = (
			);
			dependencies = (
			);
			name = "Finance-Trader-IOS";
			packageProductDependencies = (
				07EC2A8F2BD870F9002375F2 /* Swinject */,
				07EC2A962BD8711E002375F2 /* RealmSwift */,
				07DD0E1E2BE3CF450006E25E /* RandomColor */,
			);
			productName = "Finance-Trader-IOS";
			productReference = 07EC2A1A2BD87030002375F2 /* Finance-Trader-IOS.app */;
			productType = "com.apple.product-type.application";
		};
/* End PBXNativeTarget section */

/* Begin PBXProject section */
		07EC2A122BD87030002375F2 /* Project object */ = {
			isa = PBXProject;
			attributes = {
				BuildIndependentTargetsInParallel = 1;
				LastSwiftUpdateCheck = 1530;
				LastUpgradeCheck = 1530;
				TargetAttributes = {
					07EC2A192BD87030002375F2 = {
						CreatedOnToolsVersion = 15.3;
					};
				};
			};
			buildConfigurationList = 07EC2A152BD87030002375F2 /* Build configuration list for PBXProject "Finance-Trader-IOS" */;
			compatibilityVersion = "Xcode 14.0";
			developmentRegion = en;
			hasScannedForEncodings = 0;
			knownRegions = (
				en,
				Base,
			);
			mainGroup = 07EC2A112BD87030002375F2;
			packageReferences = (
				07EC2A8E2BD870F9002375F2 /* XCRemoteSwiftPackageReference "Swinject" */,
				07EC2A932BD8711E002375F2 /* XCRemoteSwiftPackageReference "realm-swift" */,
				07DD0E1D2BE3CF450006E25E /* XCRemoteSwiftPackageReference "RandomColorSwift" */,
			);
			productRefGroup = 07EC2A1B2BD87030002375F2 /* Products */;
			projectDirPath = "";
			projectRoot = "";
			targets = (
				07EC2A192BD87030002375F2 /* Finance-Trader-IOS */,
			);
		};
/* End PBXProject section */

/* Begin PBXResourcesBuildPhase section */
		07EC2A182BD87030002375F2 /* Resources */ = {
			isa = PBXResourcesBuildPhase;
			buildActionMask = 2147483647;
			files = (
				07EC2A302BD87073002375F2 /* .gitignore in Resources */,
				07EC2A2D2BD87054002375F2 /* README.md in Resources */,
				07EC2A252BD87033002375F2 /* Preview Assets.xcassets in Resources */,
				07EC2A2E2BD87054002375F2 /* LICENSE in Resources */,
				07EC2A222BD87033002375F2 /* Assets.xcassets in Resources */,
			);
			runOnlyForDeploymentPostprocessing = 0;
		};
/* End PBXResourcesBuildPhase section */

/* Begin PBXSourcesBuildPhase section */
		07EC2A162BD87030002375F2 /* Sources */ = {
			isa = PBXSourcesBuildPhase;
			buildActionMask = 2147483647;
			files = (
				07F3EBEC2BE815FC005017F2 /* SignScreen.swift in Sources */,
				07EC2A6C2BD870BF002375F2 /* PreferenceData.swift in Sources */,
				070FD14E2BED92E90072F986 /* ConverterUI.swift in Sources */,
				07BD64FD2BF52ABF003F8213 /* ArticleStockData.swift in Sources */,
				07EC2A772BD870BF002375F2 /* Const.swift in Sources */,
				0762E4A32BE97125004E58EE /* SupplyAndDemandData.swift in Sources */,
				07BD64FF2BF52AC8003F8213 /* ArticleStockRepo.swift in Sources */,
				07BD64FA2BF5229F003F8213 /* CreateArticleObservable.swift in Sources */,
				07EC2A832BD870BF002375F2 /* StatusBar.swift in Sources */,
				07F3EBE72BE80949005017F2 /* TraderRepo.swift in Sources */,
				0762E4A72BE9713F004E58EE /* SupplyDemandRepoImp.swift in Sources */,
				070FD1462BED92B10072F986 /* SupplyAndDemand.swift in Sources */,
				07EC2A822BD870BF002375F2 /* OutlinedTextField.swift in Sources */,
				072188A22BE4217B00FC33B9 /* StockExchangeSheets.swift in Sources */,
				07EC2A782BD870BF002375F2 /* Scope.swift in Sources */,
				07EC2A7A2BD870BF002375F2 /* Roots.swift in Sources */,
				07F3EBF32BE83834005017F2 /* StockSessionRepo.swift in Sources */,
				07EC2A6D2BD870BF002375F2 /* PrefRepo.swift in Sources */,
				07BD65012BF52AD6003F8213 /* ArticleStockRepoImp.swift in Sources */,
				07EC2A792BD870BF002375F2 /* Theme.swift in Sources */,
				07F3EBF12BE8381C005017F2 /* StockSessionData.swift in Sources */,
				07BD64F52BF51C74003F8213 /* ArticleScreen.swift in Sources */,
				07EC2A892BD870BF002375F2 /* Main.swift in Sources */,
				07B286462BE57725009991B8 /* BottomSheet.swift in Sources */,
				07B286482BE598A9009991B8 /* Items.swift in Sources */,
				070FD1472BED92B10072F986 /* StockExchange.swift in Sources */,
				07EC2A872BD870BF002375F2 /* Utils.swift in Sources */,
				07F3EBF52BE8383E005017F2 /* StockSessionRepoImp.swift in Sources */,
				07F3EBE92BE80958005017F2 /* TraderRepoImp.swift in Sources */,
				07EC2A7D2BD870BF002375F2 /* BottomBarItem.swift in Sources */,
				07E1ACD42BE7DE0900D2CD67 /* ListingStockObserve.swift in Sources */,
				070FD14A2BED92CE0072F986 /* SecureConst.swift in Sources */,
				07EC2A7B2BD870BF002375F2 /* BarBuilder.swift in Sources */,
				07EC2A7E2BD870BF002375F2 /* BottomBarItemView.swift in Sources */,
				07EC2A732BD870BF002375F2 /* Converter.swift in Sources */,
				07EC2A862BD870BF002375F2 /* Media.swift in Sources */,
				07F3EBFA2BE84913005017F2 /* StockInfoRep.swift in Sources */,
				07F3EBEE2BE8160F005017F2 /* SignObserve.swift in Sources */,
				07EC2A752BD870BF002375F2 /* RealmSync.swift in Sources */,
				07EC2A882BD870BF002375F2 /* Web.swift in Sources */,
				07EC2A842BD870BF002375F2 /* ToastView.swift in Sources */,
				0762E4A52BE97132004E58EE /* SupplyDemandRepo.swift in Sources */,
				07EC2A742BD870BF002375F2 /* Realm.swift in Sources */,
				070FD1502BED93230072F986 /* Elements.swift in Sources */,
				07F3EBF82BE84907005017F2 /* StockInformationData.swift in Sources */,
				07EC2A702BD870BF002375F2 /* ResultRealm.swift in Sources */,
				07EC2A1E2BD87030002375F2 /* Finance_Trader_IOSApp.swift in Sources */,
				070FD1482BED92B10072F986 /* Stock.swift in Sources */,
				07BD64F72BF52257003F8213 /* CreateArticleScreen.swift in Sources */,
				07BD64F32BF51C63003F8213 /* ArticleObservable.swift in Sources */,
				07EC2A6F2BD870BF002375F2 /* Preference.swift in Sources */,
				07E1ACD22BE7DDF300D2CD67 /* ListingStockScreen.swift in Sources */,
				07EC2A8C2BD870BF002375F2 /* HomeTraderObserve.swift in Sources */,
				07E9E5E52BE38EF6009EACAA /* StockObserve.swift in Sources */,
				07BD64F02BF4EBD7003F8213 /* Article.swift in Sources */,
				07EC2A682BD870BF002375F2 /* AppObserve.swift in Sources */,
				07EC2A852BD870BF002375F2 /* Views.swift in Sources */,
				07EC2A812BD870BF002375F2 /* NavigationDrawer.swift in Sources */,
				07EC2A6B2BD870BF002375F2 /* AppDelegate.swift in Sources */,
				07EC2A802BD870BF002375F2 /* Image.swift in Sources */,
				07EC2A8B2BD870BF002375F2 /* HomeTrader.swift in Sources */,
				07B16A772BF158DF00F124C7 /* StockCompareObserve.swift in Sources */,
				07E9E5E32BE38EB7009EACAA /* StockScreen.swift in Sources */,
				07F3EBE52BE80939005017F2 /* TraderUserData.swift in Sources */,
				07EC2A6E2BD870BF002375F2 /* PrefRepoImp.swift in Sources */,
				07F3EBFC2BE8491C005017F2 /* StockInfoRepImp.swift in Sources */,
				07EC2A7C2BD870BF002375F2 /* BottomBar.swift in Sources */,
				07EC2A7F2BD870BF002375F2 /* BackButton.swift in Sources */,
				070308AB2BE2D4370040A902 /* Trader.swift in Sources */,
				07EC2A692BD870BF002375F2 /* Project.swift in Sources */,
				07EC2A672BD870BF002375F2 /* AppModule.swift in Sources */,
				07B16A752BF1520E00F124C7 /* StockCompareScreen.swift in Sources */,
				070FD14D2BED92E90072F986 /* BaseRepoImp.swift in Sources */,
				07EC2A762BD870BF002375F2 /* Color.swift in Sources */,
			);
			runOnlyForDeploymentPostprocessing = 0;
		};
/* End PBXSourcesBuildPhase section */

/* Begin XCBuildConfiguration section */
		07EC2A262BD87033002375F2 /* Debug */ = {
			isa = XCBuildConfiguration;
			buildSettings = {
				ALWAYS_SEARCH_USER_PATHS = NO;
				ASSETCATALOG_COMPILER_GENERATE_SWIFT_ASSET_SYMBOL_EXTENSIONS = YES;
				CLANG_ANALYZER_NONNULL = YES;
				CLANG_ANALYZER_NUMBER_OBJECT_CONVERSION = YES_AGGRESSIVE;
				CLANG_CXX_LANGUAGE_STANDARD = "gnu++20";
				CLANG_ENABLE_MODULES = YES;
				CLANG_ENABLE_OBJC_ARC = YES;
				CLANG_ENABLE_OBJC_WEAK = YES;
				CLANG_WARN_BLOCK_CAPTURE_AUTORELEASING = YES;
				CLANG_WARN_BOOL_CONVERSION = YES;
				CLANG_WARN_COMMA = YES;
				CLANG_WARN_CONSTANT_CONVERSION = YES;
				CLANG_WARN_DEPRECATED_OBJC_IMPLEMENTATIONS = YES;
				CLANG_WARN_DIRECT_OBJC_ISA_USAGE = YES_ERROR;
				CLANG_WARN_DOCUMENTATION_COMMENTS = YES;
				CLANG_WARN_EMPTY_BODY = YES;
				CLANG_WARN_ENUM_CONVERSION = YES;
				CLANG_WARN_INFINITE_RECURSION = YES;
				CLANG_WARN_INT_CONVERSION = YES;
				CLANG_WARN_NON_LITERAL_NULL_CONVERSION = YES;
				CLANG_WARN_OBJC_IMPLICIT_RETAIN_SELF = YES;
				CLANG_WARN_OBJC_LITERAL_CONVERSION = YES;
				CLANG_WARN_OBJC_ROOT_CLASS = YES_ERROR;
				CLANG_WARN_QUOTED_INCLUDE_IN_FRAMEWORK_HEADER = YES;
				CLANG_WARN_RANGE_LOOP_ANALYSIS = YES;
				CLANG_WARN_STRICT_PROTOTYPES = YES;
				CLANG_WARN_SUSPICIOUS_MOVE = YES;
				CLANG_WARN_UNGUARDED_AVAILABILITY = YES_AGGRESSIVE;
				CLANG_WARN_UNREACHABLE_CODE = YES;
				CLANG_WARN__DUPLICATE_METHOD_MATCH = YES;
				COPY_PHASE_STRIP = NO;
				DEBUG_INFORMATION_FORMAT = dwarf;
				ENABLE_STRICT_OBJC_MSGSEND = YES;
				ENABLE_TESTABILITY = YES;
				ENABLE_USER_SCRIPT_SANDBOXING = YES;
				GCC_C_LANGUAGE_STANDARD = gnu17;
				GCC_DYNAMIC_NO_PIC = NO;
				GCC_NO_COMMON_BLOCKS = YES;
				GCC_OPTIMIZATION_LEVEL = 0;
				GCC_PREPROCESSOR_DEFINITIONS = (
					"DEBUG=1",
					"$(inherited)",
				);
				GCC_WARN_64_TO_32_BIT_CONVERSION = YES;
				GCC_WARN_ABOUT_RETURN_TYPE = YES_ERROR;
				GCC_WARN_UNDECLARED_SELECTOR = YES;
				GCC_WARN_UNINITIALIZED_AUTOS = YES_AGGRESSIVE;
				GCC_WARN_UNUSED_FUNCTION = YES;
				GCC_WARN_UNUSED_VARIABLE = YES;
				IPHONEOS_DEPLOYMENT_TARGET = 17.4;
				LOCALIZATION_PREFERS_STRING_CATALOGS = YES;
				MTL_ENABLE_DEBUG_INFO = INCLUDE_SOURCE;
				MTL_FAST_MATH = YES;
				ONLY_ACTIVE_ARCH = YES;
				SDKROOT = iphoneos;
				SWIFT_ACTIVE_COMPILATION_CONDITIONS = "DEBUG $(inherited)";
				SWIFT_OPTIMIZATION_LEVEL = "-Onone";
			};
			name = Debug;
		};
		07EC2A272BD87033002375F2 /* Release */ = {
			isa = XCBuildConfiguration;
			buildSettings = {
				ALWAYS_SEARCH_USER_PATHS = NO;
				ASSETCATALOG_COMPILER_GENERATE_SWIFT_ASSET_SYMBOL_EXTENSIONS = YES;
				CLANG_ANALYZER_NONNULL = YES;
				CLANG_ANALYZER_NUMBER_OBJECT_CONVERSION = YES_AGGRESSIVE;
				CLANG_CXX_LANGUAGE_STANDARD = "gnu++20";
				CLANG_ENABLE_MODULES = YES;
				CLANG_ENABLE_OBJC_ARC = YES;
				CLANG_ENABLE_OBJC_WEAK = YES;
				CLANG_WARN_BLOCK_CAPTURE_AUTORELEASING = YES;
				CLANG_WARN_BOOL_CONVERSION = YES;
				CLANG_WARN_COMMA = YES;
				CLANG_WARN_CONSTANT_CONVERSION = YES;
				CLANG_WARN_DEPRECATED_OBJC_IMPLEMENTATIONS = YES;
				CLANG_WARN_DIRECT_OBJC_ISA_USAGE = YES_ERROR;
				CLANG_WARN_DOCUMENTATION_COMMENTS = YES;
				CLANG_WARN_EMPTY_BODY = YES;
				CLANG_WARN_ENUM_CONVERSION = YES;
				CLANG_WARN_INFINITE_RECURSION = YES;
				CLANG_WARN_INT_CONVERSION = YES;
				CLANG_WARN_NON_LITERAL_NULL_CONVERSION = YES;
				CLANG_WARN_OBJC_IMPLICIT_RETAIN_SELF = YES;
				CLANG_WARN_OBJC_LITERAL_CONVERSION = YES;
				CLANG_WARN_OBJC_ROOT_CLASS = YES_ERROR;
				CLANG_WARN_QUOTED_INCLUDE_IN_FRAMEWORK_HEADER = YES;
				CLANG_WARN_RANGE_LOOP_ANALYSIS = YES;
				CLANG_WARN_STRICT_PROTOTYPES = YES;
				CLANG_WARN_SUSPICIOUS_MOVE = YES;
				CLANG_WARN_UNGUARDED_AVAILABILITY = YES_AGGRESSIVE;
				CLANG_WARN_UNREACHABLE_CODE = YES;
				CLANG_WARN__DUPLICATE_METHOD_MATCH = YES;
				COPY_PHASE_STRIP = NO;
				DEBUG_INFORMATION_FORMAT = "dwarf-with-dsym";
				ENABLE_NS_ASSERTIONS = NO;
				ENABLE_STRICT_OBJC_MSGSEND = YES;
				ENABLE_USER_SCRIPT_SANDBOXING = YES;
				GCC_C_LANGUAGE_STANDARD = gnu17;
				GCC_NO_COMMON_BLOCKS = YES;
				GCC_WARN_64_TO_32_BIT_CONVERSION = YES;
				GCC_WARN_ABOUT_RETURN_TYPE = YES_ERROR;
				GCC_WARN_UNDECLARED_SELECTOR = YES;
				GCC_WARN_UNINITIALIZED_AUTOS = YES_AGGRESSIVE;
				GCC_WARN_UNUSED_FUNCTION = YES;
				GCC_WARN_UNUSED_VARIABLE = YES;
				IPHONEOS_DEPLOYMENT_TARGET = 17.4;
				LOCALIZATION_PREFERS_STRING_CATALOGS = YES;
				MTL_ENABLE_DEBUG_INFO = NO;
				MTL_FAST_MATH = YES;
				SDKROOT = iphoneos;
				SWIFT_COMPILATION_MODE = wholemodule;
				VALIDATE_PRODUCT = YES;
			};
			name = Release;
		};
		07EC2A292BD87033002375F2 /* Debug */ = {
			isa = XCBuildConfiguration;
			buildSettings = {
				ASSETCATALOG_COMPILER_APPICON_NAME = AppIcon;
				ASSETCATALOG_COMPILER_GLOBAL_ACCENT_COLOR_NAME = AccentColor;
				CODE_SIGN_STYLE = Automatic;
				CURRENT_PROJECT_VERSION = 1;
				DEVELOPMENT_ASSET_PATHS = "\"Finance-Trader-IOS/Preview Content\"";
				ENABLE_PREVIEWS = YES;
				GENERATE_INFOPLIST_FILE = YES;
				INFOPLIST_KEY_CFBundleDisplayName = Trader;
				INFOPLIST_KEY_UIApplicationSceneManifest_Generation = YES;
				INFOPLIST_KEY_UIApplicationSupportsIndirectInputEvents = YES;
				INFOPLIST_KEY_UILaunchScreen_Generation = YES;
				INFOPLIST_KEY_UISupportedInterfaceOrientations_iPad = "UIInterfaceOrientationPortrait UIInterfaceOrientationPortraitUpsideDown UIInterfaceOrientationLandscapeLeft UIInterfaceOrientationLandscapeRight";
				INFOPLIST_KEY_UISupportedInterfaceOrientations_iPhone = "UIInterfaceOrientationPortrait UIInterfaceOrientationLandscapeLeft UIInterfaceOrientationLandscapeRight";
				LD_RUNPATH_SEARCH_PATHS = (
					"$(inherited)",
					"@executable_path/Frameworks",
				);
				MARKETING_VERSION = 1.0;
				PRODUCT_BUNDLE_IDENTIFIER = "com.ramo.Finance-Trader-IOS";
				PRODUCT_NAME = "$(TARGET_NAME)";
				SWIFT_EMIT_LOC_STRINGS = YES;
				SWIFT_VERSION = 5.0;
				TARGETED_DEVICE_FAMILY = "1,2";
			};
			name = Debug;
		};
		07EC2A2A2BD87033002375F2 /* Release */ = {
			isa = XCBuildConfiguration;
			buildSettings = {
				ASSETCATALOG_COMPILER_APPICON_NAME = AppIcon;
				ASSETCATALOG_COMPILER_GLOBAL_ACCENT_COLOR_NAME = AccentColor;
				CODE_SIGN_STYLE = Automatic;
				CURRENT_PROJECT_VERSION = 1;
				DEVELOPMENT_ASSET_PATHS = "\"Finance-Trader-IOS/Preview Content\"";
				ENABLE_PREVIEWS = YES;
				GENERATE_INFOPLIST_FILE = YES;
				INFOPLIST_KEY_CFBundleDisplayName = Trader;
				INFOPLIST_KEY_UIApplicationSceneManifest_Generation = YES;
				INFOPLIST_KEY_UIApplicationSupportsIndirectInputEvents = YES;
				INFOPLIST_KEY_UILaunchScreen_Generation = YES;
				INFOPLIST_KEY_UISupportedInterfaceOrientations_iPad = "UIInterfaceOrientationPortrait UIInterfaceOrientationPortraitUpsideDown UIInterfaceOrientationLandscapeLeft UIInterfaceOrientationLandscapeRight";
				INFOPLIST_KEY_UISupportedInterfaceOrientations_iPhone = "UIInterfaceOrientationPortrait UIInterfaceOrientationLandscapeLeft UIInterfaceOrientationLandscapeRight";
				LD_RUNPATH_SEARCH_PATHS = (
					"$(inherited)",
					"@executable_path/Frameworks",
				);
				MARKETING_VERSION = 1.0;
				PRODUCT_BUNDLE_IDENTIFIER = "com.ramo.Finance-Trader-IOS";
				PRODUCT_NAME = "$(TARGET_NAME)";
				SWIFT_EMIT_LOC_STRINGS = YES;
				SWIFT_VERSION = 5.0;
				TARGETED_DEVICE_FAMILY = "1,2";
			};
			name = Release;
		};
/* End XCBuildConfiguration section */

/* Begin XCConfigurationList section */
		07EC2A152BD87030002375F2 /* Build configuration list for PBXProject "Finance-Trader-IOS" */ = {
			isa = XCConfigurationList;
			buildConfigurations = (
				07EC2A262BD87033002375F2 /* Debug */,
				07EC2A272BD87033002375F2 /* Release */,
			);
			defaultConfigurationIsVisible = 0;
			defaultConfigurationName = Release;
		};
		07EC2A282BD87033002375F2 /* Build configuration list for PBXNativeTarget "Finance-Trader-IOS" */ = {
			isa = XCConfigurationList;
			buildConfigurations = (
				07EC2A292BD87033002375F2 /* Debug */,
				07EC2A2A2BD87033002375F2 /* Release */,
			);
			defaultConfigurationIsVisible = 0;
			defaultConfigurationName = Release;
		};
/* End XCConfigurationList section */

/* Begin XCRemoteSwiftPackageReference section */
		07DD0E1D2BE3CF450006E25E /* XCRemoteSwiftPackageReference "RandomColorSwift" */ = {
			isa = XCRemoteSwiftPackageReference;
			repositoryURL = "https://github.com/onevcat/RandomColorSwift.git";
			requirement = {
				kind = upToNextMajorVersion;
				minimumVersion = 2.0.0;
			};
		};
		07EC2A8E2BD870F9002375F2 /* XCRemoteSwiftPackageReference "Swinject" */ = {
			isa = XCRemoteSwiftPackageReference;
			repositoryURL = "https://github.com/Swinject/Swinject";
			requirement = {
				kind = upToNextMajorVersion;
				minimumVersion = 2.8.7;
			};
		};
		07EC2A932BD8711E002375F2 /* XCRemoteSwiftPackageReference "realm-swift" */ = {
			isa = XCRemoteSwiftPackageReference;
			repositoryURL = "https://github.com/realm/realm-swift";
			requirement = {
				branch = master;
				kind = branch;
			};
		};
/* End XCRemoteSwiftPackageReference section */

/* Begin XCSwiftPackageProductDependency section */
		07DD0E1E2BE3CF450006E25E /* RandomColor */ = {
			isa = XCSwiftPackageProductDependency;
			package = 07DD0E1D2BE3CF450006E25E /* XCRemoteSwiftPackageReference "RandomColorSwift" */;
			productName = RandomColor;
		};
		07EC2A8F2BD870F9002375F2 /* Swinject */ = {
			isa = XCSwiftPackageProductDependency;
			package = 07EC2A8E2BD870F9002375F2 /* XCRemoteSwiftPackageReference "Swinject" */;
			productName = Swinject;
		};
		07EC2A962BD8711E002375F2 /* RealmSwift */ = {
			isa = XCSwiftPackageProductDependency;
			package = 07EC2A932BD8711E002375F2 /* XCRemoteSwiftPackageReference "realm-swift" */;
			productName = RealmSwift;
		};
/* End XCSwiftPackageProductDependency section */
	};
	rootObject = 07EC2A122BD87030002375F2 /* Project object */;
}
