{
  "originHash" : "260eea676faa316277e5852c23bab250a040c144cac5ea6af75f7ddbc3f18698",
  "pins" : [
    {
      "identity" : "randomcolorswift",
      "kind" : "remoteSourceControl",
      "location" : "https://github.com/onevcat/RandomColorSwift.git",
      "state" : {
        "revision" : "ab01c6eff99f40c5e23ffcb957eb3971f937f106",
        "version" : "2.0.0"
      }
    },
    {
      "identity" : "realm-core",
      "kind" : "remoteSourceControl",
      "location" : "https://github.com/realm/realm-core.git",
      "state" : {
        "revision" : "4d815c6e6883bfdcb67cf755d0f0f29a4b399ea7",
        "version" : "14.5.2"
      }
    },
    {
      "identity" : "realm-swift",
      "kind" : "remoteSourceControl",
      "location" : "https://github.com/realm/realm-swift",
      "state" : {
        "branch" : "master",
        "revision" : "3a9586b62042a4e010f3d3439b67a4779017fe07"
      }
    },
    {
      "identity" : "swinject",
      "kind" : "remoteSourceControl",
      "location" : "https://github.com/Swinject/Swinject",
      "state" : {
        "revision" : "c7920e1f2b237ee16150ab82388d7411b578d355",
        "version" : "2.8.7"
      }
    }
  ],
  "version" : 3
}
